
Microsoft Visual Studio Solution File, Format Version 12.00
# Visual Studio Version 16
VisualStudioVersion = 16.0.30611.23
MinimumVisualStudioVersion = 10.0.40219.1
Project("{FAE04EC0-301F-11D3-BF4B-00C04F79EFBC}") = "AsliipaJiliicofmog", "AsliipaJiliicofmog\AsliipaJiliicofmog.csproj", "{7E2B8D6D-043E-499C-B2FB-0F4DF25CF9E9}"
EndProject
Global
	GlobalSection(SolutionConfigurationPlatforms) = preSolution
		Debug|Any CPU = Debug|Any CPU
		Release|Any CPU = Release|Any CPU
	EndGlobalSection
	GlobalSection(ProjectConfigurationPlatforms) = postSolution
		{7E2B8D6D-043E-499C-B2FB-0F4DF25CF9E9}.Debug|Any CPU.ActiveCfg = Debug|Any CPU
		{7E2B8D6D-043E-499C-B2FB-0F4DF25CF9E9}.Debug|Any CPU.Build.0 = Debug|Any CPU
		{7E2B8D6D-043E-499C-B2FB-0F4DF25CF9E9}.Release|Any CPU.ActiveCfg = Release|Any CPU
		{7E2B8D6D-043E-499C-B2FB-0F4DF25CF9E9}.Release|Any CPU.Build.0 = Release|Any CPU
	EndGlobalSection
	GlobalSection(SolutionProperties) = preSolution
		HideSolutionNode = FALSE
	EndGlobalSection
	GlobalSection(ExtensibilityGlobals) = postSolution
		SolutionGuid = {B7EA5850-C6D5-44A3-BAA8-9928326DBB86}
	EndGlobalSection
EndGlobal
